
Microsoft Visual Studio Solution File, Format Version 12.00
# Visual Studio Version 17
VisualStudioVersion = 17.8.34525.116
MinimumVisualStudioVersion = 10.0.40219.1
Project("{FAE04EC0-301F-11D3-BF4B-00C04F79EFBC}") = "CascadingDropdownListApp", "CascadingDropdownListApp.csproj", "{7A1488E4-4871-48A1-95C4-D10601EC427C}"
EndProject
Global
	GlobalSection(SolutionConfigurationPlatforms) = preSolution
		Debug|Any CPU = Debug|Any CPU
		Release|Any CPU = Release|Any CPU
	EndGlobalSection
	GlobalSection(ProjectConfigurationPlatforms) = postSolution
		{7A1488E4-4871-48A1-95C4-D10601EC427C}.Debug|Any CPU.ActiveCfg = Debug|Any CPU
		{7A1488E4-4871-48A1-95C4-D10601EC427C}.Debug|Any CPU.Build.0 = Debug|Any CPU
		{7A1488E4-4871-48A1-95C4-D10601EC427C}.Release|Any CPU.ActiveCfg = Release|Any CPU
		{7A1488E4-4871-48A1-95C4-D10601EC427C}.Release|Any CPU.Build.0 = Release|Any CPU
	EndGlobalSection
	GlobalSection(SolutionProperties) = preSolution
		HideSolutionNode = FALSE
	EndGlobalSection
	GlobalSection(ExtensibilityGlobals) = postSolution
		SolutionGuid = {AE5754F1-4997-47F9-BE4E-0BE066950C26}
	EndGlobalSection
EndGlobal
